
Microsoft Visual Studio Solution File, Format Version 12.00
# Visual Studio Version 16
VisualStudioVersion = 16.0.31624.102
MinimumVisualStudioVersion = 10.0.40219.1
Project("{9A19103F-16F7-4668-BE54-9A1E7A4F7556}") = "bai1_2_3_4", "bai-1-2-3-4\bai1_2_3_4.csproj", "{508CEB07-833B-4E25-8633-D87CACB2BF91}"
EndProject
Global
	GlobalSection(SolutionConfigurationPlatforms) = preSolution
		Debug|Any CPU = Debug|Any CPU
		Release|Any CPU = Release|Any CPU
	EndGlobalSection
	GlobalSection(ProjectConfigurationPlatforms) = postSolution
		{508CEB07-833B-4E25-8633-D87CACB2BF91}.Debug|Any CPU.ActiveCfg = Debug|Any CPU
		{508CEB07-833B-4E25-8633-D87CACB2BF91}.Debug|Any CPU.Build.0 = Debug|Any CPU
		{508CEB07-833B-4E25-8633-D87CACB2BF91}.Release|Any CPU.ActiveCfg = Release|Any CPU
		{508CEB07-833B-4E25-8633-D87CACB2BF91}.Release|Any CPU.Build.0 = Release|Any CPU
	EndGlobalSection
	GlobalSection(SolutionProperties) = preSolution
		HideSolutionNode = FALSE
	EndGlobalSection
	GlobalSection(ExtensibilityGlobals) = postSolution
		SolutionGuid = {EFE1A530-338A-43D8-99BC-9E27D1B68F41}
	EndGlobalSection
EndGlobal
