
Microsoft Visual Studio Solution File, Format Version 12.00
# Visual Studio Version 16
VisualStudioVersion = 16.0.31624.102
MinimumVisualStudioVersion = 10.0.40219.1
Project("{9A19103F-16F7-4668-BE54-9A1E7A4F7556}") = "Bai1", "bai1\Bai1.csproj", "{F38202EA-5835-4431-95CA-58A1466B6782}"
EndProject
Project("{9A19103F-16F7-4668-BE54-9A1E7A4F7556}") = "bai2", "bai2\bai2.csproj", "{86B5ACE4-C1F2-4F8B-8522-9273712DF152}"
EndProject
Project("{FAE04EC0-301F-11D3-BF4B-00C04F79EFBC}") = "bai3", "bai3\bai3.csproj", "{D25D8A5B-D814-4F11-9070-B446396DCF39}"
EndProject
Global
	GlobalSection(SolutionConfigurationPlatforms) = preSolution
		Debug|Any CPU = Debug|Any CPU
		Release|Any CPU = Release|Any CPU
	EndGlobalSection
	GlobalSection(ProjectConfigurationPlatforms) = postSolution
		{F38202EA-5835-4431-95CA-58A1466B6782}.Debug|Any CPU.ActiveCfg = Debug|Any CPU
		{F38202EA-5835-4431-95CA-58A1466B6782}.Debug|Any CPU.Build.0 = Debug|Any CPU
		{F38202EA-5835-4431-95CA-58A1466B6782}.Release|Any CPU.ActiveCfg = Release|Any CPU
		{F38202EA-5835-4431-95CA-58A1466B6782}.Release|Any CPU.Build.0 = Release|Any CPU
		{86B5ACE4-C1F2-4F8B-8522-9273712DF152}.Debug|Any CPU.ActiveCfg = Debug|Any CPU
		{86B5ACE4-C1F2-4F8B-8522-9273712DF152}.Debug|Any CPU.Build.0 = Debug|Any CPU
		{86B5ACE4-C1F2-4F8B-8522-9273712DF152}.Release|Any CPU.ActiveCfg = Release|Any CPU
		{86B5ACE4-C1F2-4F8B-8522-9273712DF152}.Release|Any CPU.Build.0 = Release|Any CPU
		{D25D8A5B-D814-4F11-9070-B446396DCF39}.Debug|Any CPU.ActiveCfg = Debug|Any CPU
		{D25D8A5B-D814-4F11-9070-B446396DCF39}.Debug|Any CPU.Build.0 = Debug|Any CPU
		{D25D8A5B-D814-4F11-9070-B446396DCF39}.Release|Any CPU.ActiveCfg = Release|Any CPU
		{D25D8A5B-D814-4F11-9070-B446396DCF39}.Release|Any CPU.Build.0 = Release|Any CPU
	EndGlobalSection
	GlobalSection(SolutionProperties) = preSolution
		HideSolutionNode = FALSE
	EndGlobalSection
	GlobalSection(ExtensibilityGlobals) = postSolution
		SolutionGuid = {D1A5BB02-9990-4447-BDA7-AAC89B8D0B70}
	EndGlobalSection
EndGlobal
