
Microsoft Visual Studio Solution File, Format Version 12.00
# Visual Studio Version 16
VisualStudioVersion = 16.0.31624.102
MinimumVisualStudioVersion = 10.0.40219.1
Project("{9A19103F-16F7-4668-BE54-9A1E7A4F7556}") = "bai2", ".\bai2\bai2.csproj", "{706ACE7C-C891-4C2C-AD6D-5D68104D7DE5}"
EndProject
Project("{9A19103F-16F7-4668-BE54-9A1E7A4F7556}") = "bai3", ".\bai3\bai3.csproj", "{04240F6B-FB22-4D69-9857-0BFA2F71EF3D}"
EndProject
Global
	GlobalSection(SolutionConfigurationPlatforms) = preSolution
		Debug|Any CPU = Debug|Any CPU
		Release|Any CPU = Release|Any CPU
	EndGlobalSection
	GlobalSection(ProjectConfigurationPlatforms) = postSolution
		{706ACE7C-C891-4C2C-AD6D-5D68104D7DE5}.Debug|Any CPU.ActiveCfg = Debug|Any CPU
		{706ACE7C-C891-4C2C-AD6D-5D68104D7DE5}.Debug|Any CPU.Build.0 = Debug|Any CPU
		{706ACE7C-C891-4C2C-AD6D-5D68104D7DE5}.Release|Any CPU.ActiveCfg = Release|Any CPU
		{706ACE7C-C891-4C2C-AD6D-5D68104D7DE5}.Release|Any CPU.Build.0 = Release|Any CPU
		{04240F6B-FB22-4D69-9857-0BFA2F71EF3D}.Debug|Any CPU.ActiveCfg = Debug|Any CPU
		{04240F6B-FB22-4D69-9857-0BFA2F71EF3D}.Debug|Any CPU.Build.0 = Debug|Any CPU
		{04240F6B-FB22-4D69-9857-0BFA2F71EF3D}.Release|Any CPU.ActiveCfg = Release|Any CPU
		{04240F6B-FB22-4D69-9857-0BFA2F71EF3D}.Release|Any CPU.Build.0 = Release|Any CPU
	EndGlobalSection
	GlobalSection(SolutionProperties) = preSolution
		HideSolutionNode = FALSE
	EndGlobalSection
	GlobalSection(ExtensibilityGlobals) = postSolution
		SolutionGuid = {5DF63B12-2B6D-43A9-A3B2-F43EF3768538}
	EndGlobalSection
EndGlobal
