
Microsoft Visual Studio Solution File, Format Version 12.00
# Visual Studio Version 16
VisualStudioVersion = 16.0.31624.102
MinimumVisualStudioVersion = 10.0.40219.1
Project("{9A19103F-16F7-4668-BE54-9A1E7A4F7556}") = "bai1", "bai1\bai1.csproj", "{80435585-EF0C-4221-89D1-36195CB9A9CD}"
EndProject
Project("{9A19103F-16F7-4668-BE54-9A1E7A4F7556}") = "bai2", "bai2\bai2.csproj", "{E764EB75-DCCE-4D6B-AD54-317D3F10C7D2}"
EndProject
Global
	GlobalSection(SolutionConfigurationPlatforms) = preSolution
		Debug|Any CPU = Debug|Any CPU
		Release|Any CPU = Release|Any CPU
	EndGlobalSection
	GlobalSection(ProjectConfigurationPlatforms) = postSolution
		{80435585-EF0C-4221-89D1-36195CB9A9CD}.Debug|Any CPU.ActiveCfg = Debug|Any CPU
		{80435585-EF0C-4221-89D1-36195CB9A9CD}.Debug|Any CPU.Build.0 = Debug|Any CPU
		{80435585-EF0C-4221-89D1-36195CB9A9CD}.Release|Any CPU.ActiveCfg = Release|Any CPU
		{80435585-EF0C-4221-89D1-36195CB9A9CD}.Release|Any CPU.Build.0 = Release|Any CPU
		{E764EB75-DCCE-4D6B-AD54-317D3F10C7D2}.Debug|Any CPU.ActiveCfg = Debug|Any CPU
		{E764EB75-DCCE-4D6B-AD54-317D3F10C7D2}.Debug|Any CPU.Build.0 = Debug|Any CPU
		{E764EB75-DCCE-4D6B-AD54-317D3F10C7D2}.Release|Any CPU.ActiveCfg = Release|Any CPU
		{E764EB75-DCCE-4D6B-AD54-317D3F10C7D2}.Release|Any CPU.Build.0 = Release|Any CPU
	EndGlobalSection
	GlobalSection(SolutionProperties) = preSolution
		HideSolutionNode = FALSE
	EndGlobalSection
	GlobalSection(ExtensibilityGlobals) = postSolution
		SolutionGuid = {87CD020A-7E1F-4A3E-842E-C622AEA4F682}
	EndGlobalSection
EndGlobal
