
Microsoft Visual Studio Solution File, Format Version 12.00
# Visual Studio Version 16
VisualStudioVersion = 16.0.31624.102
MinimumVisualStudioVersion = 10.0.40219.1
Project("{9A19103F-16F7-4668-BE54-9A1E7A4F7556}") = "bai1_2_3", "bai-1-2-3\bai1_2_3.csproj", "{81000C61-8F0F-460E-B6E1-C90ED901FED8}"
EndProject
Global
	GlobalSection(SolutionConfigurationPlatforms) = preSolution
		Debug|Any CPU = Debug|Any CPU
		Release|Any CPU = Release|Any CPU
	EndGlobalSection
	GlobalSection(ProjectConfigurationPlatforms) = postSolution
		{81000C61-8F0F-460E-B6E1-C90ED901FED8}.Debug|Any CPU.ActiveCfg = Debug|Any CPU
		{81000C61-8F0F-460E-B6E1-C90ED901FED8}.Debug|Any CPU.Build.0 = Debug|Any CPU
		{81000C61-8F0F-460E-B6E1-C90ED901FED8}.Release|Any CPU.ActiveCfg = Release|Any CPU
		{81000C61-8F0F-460E-B6E1-C90ED901FED8}.Release|Any CPU.Build.0 = Release|Any CPU
	EndGlobalSection
	GlobalSection(SolutionProperties) = preSolution
		HideSolutionNode = FALSE
	EndGlobalSection
	GlobalSection(ExtensibilityGlobals) = postSolution
		SolutionGuid = {72729404-685E-4E84-967B-CDF3BDBC4BAF}
	EndGlobalSection
EndGlobal
